{
  "originHash" : "706b36d3806b3aff0f74a69e0dc969b805a2aa85db68bc5c8dfa11b8f5ce8ff2",
  "pins" : [
    {
      "identity" : "swift-zlib",
      "kind" : "remoteSourceControl",
      "location" : "https://github.com/PureSwift/swift-zlib.git",
      "state" : {
        "revision" : "aa5ee5cd8f5d2ae42d32328137c77aac53a7c6fb",
        "version" : "1.0.4"
      }
    }
  ],
  "version" : 3
}
