{
  "originHash" : "706b36d3806b3aff0f74a69e0dc969b805a2aa85db68bc5c8dfa11b8f5ce8ff2",
  "pins" : [
    {
      "identity" : "swift-zlib",
      "kind" : "remoteSourceControl",
      "location" : "https://github.com/PureSwift/swift-zlib.git",
      "state" : {
        "revision" : "905e6e344a2f752884086407fbbf3c5a3474dc27",
        "version" : "1.0.5"
      }
    }
  ],
  "version" : 3
}
