{
  "originHash" : "706b36d3806b3aff0f74a69e0dc969b805a2aa85db68bc5c8dfa11b8f5ce8ff2",
  "pins" : [
    {
      "identity" : "swift-zlib",
      "kind" : "remoteSourceControl",
      "location" : "https://github.com/PureSwift/swift-zlib.git",
      "state" : {
        "revision" : "9248157efd4252d4d88ca3ed92558efd9e402213",
        "version" : "1.0.7"
      }
    }
  ],
  "version" : 3
}
